
Microsoft Visual Studio Solution File, Format Version 12.00
# Visual Studio Version 17
VisualStudioVersion = 17.14.36414.22 d17.14
MinimumVisualStudioVersion = 10.0.40219.1
Project("{2150E333-8FDC-42A3-9474-1A3956D46DE8}") = "Task0", "Task0", "{36D591C7-65C7-A0D1-1CBC-10CDE441BDC8}"
EndProject
Project("{FAE04EC0-301F-11D3-BF4B-00C04F79EFBC}") = "Tyuiu.skirnevskyBR.sprint5.Task0.V17", "Tyuiu.skirnevskyBR.sprint5.Task0.V17\Tyuiu.skirnevskyBR.sprint5.Task0.V17.csproj", "{4CB613DD-D03B-4D1E-8065-CDB93E0DE71F}"
EndProject
Project("{FAE04EC0-301F-11D3-BF4B-00C04F79EFBC}") = "Tyuiu.skirnevskyBR.sprint5.Task0.V17.Lib", "Tyuiu.skirnevskyBR.sprint5.Task0.V17.Lib\Tyuiu.skirnevskyBR.sprint5.Task0.V17.Lib.csproj", "{CC81E10E-76DC-47DA-AADC-B19005CAAE43}"
EndProject
Project("{FAE04EC0-301F-11D3-BF4B-00C04F79EFBC}") = "Tyuiu.skirnevskyBR.sprint5.Task0.V17.Test", "Tyuiu.skirnevskyBR.sprint5.Task0.V17.Test\Tyuiu.skirnevskyBR.sprint5.Task0.V17.Test.csproj", "{A159463A-A5F9-4961-850E-54CD0FBC9341}"
EndProject
Project("{2150E333-8FDC-42A3-9474-1A3956D46DE8}") = "Task1", "Task1", "{3E07EFC0-A0E2-41A8-AC11-0C800A0E1D62}"
EndProject
Project("{FAE04EC0-301F-11D3-BF4B-00C04F79EFBC}") = "Tyuiu.skirnevskyBR.sprint5.Task1.V27", "Tyuiu.skirnevskyBR.sprint5.Task1.V27\Tyuiu.skirnevskyBR.sprint5.Task1.V27.csproj", "{22D1B927-B939-4149-BC95-E6BFA8261DED}"
EndProject
Project("{FAE04EC0-301F-11D3-BF4B-00C04F79EFBC}") = "Tyuiu.skirnevskyBR.sprint5.Task1.V27.Lib", "Tyuiu.skirnevskyBR.sprint5.Task1.V27.Lib\Tyuiu.skirnevskyBR.sprint5.Task1.V27.Lib.csproj", "{BB13D104-7AFB-4FEE-9C90-763507C07871}"
EndProject
Project("{FAE04EC0-301F-11D3-BF4B-00C04F79EFBC}") = "Tyuiu.skirnevskyBR.sprint5.Task1.V27.Test", "Tyuiu.skirnevskyBR.sprint5.Task1.V27.Test\Tyuiu.skirnevskyBR.sprint5.Task1.V27.Test.csproj", "{35C56CC5-B51A-45AC-BB1C-FEF81AE710B8}"
EndProject
Global
	GlobalSection(SolutionConfigurationPlatforms) = preSolution
		Debug|Any CPU = Debug|Any CPU
		Release|Any CPU = Release|Any CPU
	EndGlobalSection
	GlobalSection(ProjectConfigurationPlatforms) = postSolution
		{4CB613DD-D03B-4D1E-8065-CDB93E0DE71F}.Debug|Any CPU.ActiveCfg = Debug|Any CPU
		{4CB613DD-D03B-4D1E-8065-CDB93E0DE71F}.Debug|Any CPU.Build.0 = Debug|Any CPU
		{4CB613DD-D03B-4D1E-8065-CDB93E0DE71F}.Release|Any CPU.ActiveCfg = Release|Any CPU
		{4CB613DD-D03B-4D1E-8065-CDB93E0DE71F}.Release|Any CPU.Build.0 = Release|Any CPU
		{CC81E10E-76DC-47DA-AADC-B19005CAAE43}.Debug|Any CPU.ActiveCfg = Debug|Any CPU
		{CC81E10E-76DC-47DA-AADC-B19005CAAE43}.Debug|Any CPU.Build.0 = Debug|Any CPU
		{CC81E10E-76DC-47DA-AADC-B19005CAAE43}.Release|Any CPU.ActiveCfg = Release|Any CPU
		{CC81E10E-76DC-47DA-AADC-B19005CAAE43}.Release|Any CPU.Build.0 = Release|Any CPU
		{A159463A-A5F9-4961-850E-54CD0FBC9341}.Debug|Any CPU.ActiveCfg = Debug|Any CPU
		{A159463A-A5F9-4961-850E-54CD0FBC9341}.Debug|Any CPU.Build.0 = Debug|Any CPU
		{A159463A-A5F9-4961-850E-54CD0FBC9341}.Release|Any CPU.ActiveCfg = Release|Any CPU
		{A159463A-A5F9-4961-850E-54CD0FBC9341}.Release|Any CPU.Build.0 = Release|Any CPU
		{22D1B927-B939-4149-BC95-E6BFA8261DED}.Debug|Any CPU.ActiveCfg = Debug|Any CPU
		{22D1B927-B939-4149-BC95-E6BFA8261DED}.Debug|Any CPU.Build.0 = Debug|Any CPU
		{22D1B927-B939-4149-BC95-E6BFA8261DED}.Release|Any CPU.ActiveCfg = Release|Any CPU
		{22D1B927-B939-4149-BC95-E6BFA8261DED}.Release|Any CPU.Build.0 = Release|Any CPU
		{BB13D104-7AFB-4FEE-9C90-763507C07871}.Debug|Any CPU.ActiveCfg = Debug|Any CPU
		{BB13D104-7AFB-4FEE-9C90-763507C07871}.Debug|Any CPU.Build.0 = Debug|Any CPU
		{BB13D104-7AFB-4FEE-9C90-763507C07871}.Release|Any CPU.ActiveCfg = Release|Any CPU
		{BB13D104-7AFB-4FEE-9C90-763507C07871}.Release|Any CPU.Build.0 = Release|Any CPU
		{35C56CC5-B51A-45AC-BB1C-FEF81AE710B8}.Debug|Any CPU.ActiveCfg = Debug|Any CPU
		{35C56CC5-B51A-45AC-BB1C-FEF81AE710B8}.Debug|Any CPU.Build.0 = Debug|Any CPU
		{35C56CC5-B51A-45AC-BB1C-FEF81AE710B8}.Release|Any CPU.ActiveCfg = Release|Any CPU
		{35C56CC5-B51A-45AC-BB1C-FEF81AE710B8}.Release|Any CPU.Build.0 = Release|Any CPU
	EndGlobalSection
	GlobalSection(SolutionProperties) = preSolution
		HideSolutionNode = FALSE
	EndGlobalSection
	GlobalSection(NestedProjects) = preSolution
		{4CB613DD-D03B-4D1E-8065-CDB93E0DE71F} = {36D591C7-65C7-A0D1-1CBC-10CDE441BDC8}
		{CC81E10E-76DC-47DA-AADC-B19005CAAE43} = {36D591C7-65C7-A0D1-1CBC-10CDE441BDC8}
		{A159463A-A5F9-4961-850E-54CD0FBC9341} = {36D591C7-65C7-A0D1-1CBC-10CDE441BDC8}
		{22D1B927-B939-4149-BC95-E6BFA8261DED} = {3E07EFC0-A0E2-41A8-AC11-0C800A0E1D62}
		{BB13D104-7AFB-4FEE-9C90-763507C07871} = {3E07EFC0-A0E2-41A8-AC11-0C800A0E1D62}
		{35C56CC5-B51A-45AC-BB1C-FEF81AE710B8} = {3E07EFC0-A0E2-41A8-AC11-0C800A0E1D62}
	EndGlobalSection
	GlobalSection(ExtensibilityGlobals) = postSolution
		SolutionGuid = {F28C8337-0DBF-442E-A472-C85554B4CEBE}
	EndGlobalSection
EndGlobal
